
Microsoft Visual Studio Solution File, Format Version 12.00
# Visual Studio Version 16
VisualStudioVersion = 16.0.29509.3
MinimumVisualStudioVersion = 10.0.40219.1
Project("{FAE04EC0-301F-11D3-BF4B-00C04F79EFBC}") = "FruitShopTests", "FruitShopTests\FruitShopTests.csproj", "{76F84E77-91A8-41F8-AF2A-181199521A36}"
EndProject
Project("{FAE04EC0-301F-11D3-BF4B-00C04F79EFBC}") = "FruitShopConsole", "FruitShopConsole\FruitShopConsole.csproj", "{307BE478-CE12-41F4-90AE-371DF738B820}"
EndProject
Global
	GlobalSection(SolutionConfigurationPlatforms) = preSolution
		Debug|Any CPU = Debug|Any CPU
		Release|Any CPU = Release|Any CPU
	EndGlobalSection
	GlobalSection(ProjectConfigurationPlatforms) = postSolution
		{76F84E77-91A8-41F8-AF2A-181199521A36}.Debug|Any CPU.ActiveCfg = Debug|Any CPU
		{76F84E77-91A8-41F8-AF2A-181199521A36}.Debug|Any CPU.Build.0 = Debug|Any CPU
		{76F84E77-91A8-41F8-AF2A-181199521A36}.Release|Any CPU.ActiveCfg = Release|Any CPU
		{76F84E77-91A8-41F8-AF2A-181199521A36}.Release|Any CPU.Build.0 = Release|Any CPU
		{307BE478-CE12-41F4-90AE-371DF738B820}.Debug|Any CPU.ActiveCfg = Debug|Any CPU
		{307BE478-CE12-41F4-90AE-371DF738B820}.Debug|Any CPU.Build.0 = Debug|Any CPU
		{307BE478-CE12-41F4-90AE-371DF738B820}.Release|Any CPU.ActiveCfg = Release|Any CPU
		{307BE478-CE12-41F4-90AE-371DF738B820}.Release|Any CPU.Build.0 = Release|Any CPU
	EndGlobalSection
	GlobalSection(SolutionProperties) = preSolution
		HideSolutionNode = FALSE
	EndGlobalSection
	GlobalSection(ExtensibilityGlobals) = postSolution
		SolutionGuid = {18EF6374-807A-4019-99C9-72F7901972A9}
	EndGlobalSection
EndGlobal
